{
  "requires": true,
  "lockfileVersion": 1,
  "dependencies": {
    "vue-chat-scroll": {
      "version": "1.3.5",
      "resolved": "https://registry.npmjs.org/vue-chat-scroll/-/vue-chat-scroll-1.3.5.tgz",
      "integrity": "sha512-bOBIv3AQp9D+YkhUBwVG4vBblRTeAtqQqx3Agl8fHNNm33aHMWB74U1m45Ll+JI3B0xfyWw6htJ2o5qoiFX9ZQ=="
    },
    "vuefire": {
      "version": "1.4.5",
      "resolved": "https://registry.npmjs.org/vuefire/-/vuefire-1.4.5.tgz",
      "integrity": "sha512-lYk0Yk7ExwGN8G/datDMKxNeLLxfkL/cCU/B5Dw5ggNabCPwKnUEv3OE3ShMwberDDN+9wzm8AEPiLvI9aG/9Q=="
    }
  }
}
