{
  "requires": true,
  "lockfileVersion": 1,
  "dependencies": {
    "vue-chat-scroll": {
      "version": "1.3.5",
      "resolved": "https://registry.npmjs.org/vue-chat-scroll/-/vue-chat-scroll-1.3.5.tgz",
      "integrity": "sha512-bOBIv3AQp9D+YkhUBwVG4vBblRTeAtqQqx3Agl8fHNNm33aHMWB74U1m45Ll+JI3B0xfyWw6htJ2o5qoiFX9ZQ=="
    },
    "vuelidate": {
      "version": "0.7.4",
      "resolved": "https://registry.npmjs.org/vuelidate/-/vuelidate-0.7.4.tgz",
      "integrity": "sha512-QHZWYOL325Zo+2K7VBNEJTZ496Kd8Z31p85aQJFldKudUUGBmgw4zu4ghl4CyqPwjRCmqZ9lDdx4FSdMnu4fGg=="
    }
  }
}
